Microsoft Visual Studio Solution File, Format Version 12.00
# Visual Studio Version 16
VisualStudioVersion = 16.0.29318.209
MinimumVisualStudioVersion = 10.0.40219.1
Project("{2150E333-8FDC-42A3-9474-1A3956D46DE8}") = "Tests", "Tests", "{C9AED8A0-A911-4617-974D-82B16D34029B}"
EndProject
Project("{9A19103F-16F7-4668-BE54-9A1E7A4F7556}") = "KickStart", "src\KickStart\KickStart.csproj", "{C0998F28-601D-4202-BEDB-77F3603E17D1}"
EndProject
Project("{9A19103F-16F7-4668-BE54-9A1E7A4F7556}") = "KickStart.Autofac", "src\KickStart.Autofac\KickStart.Autofac.csproj", "{12CC926D-C84A-45A2-9B11-BF25AEDC3C0B}"
EndProject
Project("{9A19103F-16F7-4668-BE54-9A1E7A4F7556}") = "KickStart.AutoMapper", "src\KickStart.AutoMapper\KickStart.AutoMapper.csproj", "{73A65AA2-757B-40B3-8DBF-EA59E924D141}"
EndProject
Project("{9A19103F-16F7-4668-BE54-9A1E7A4F7556}") = "KickStart.Log4Net", "src\KickStart.Log4Net\KickStart.Log4Net.csproj", "{04963A80-F7E7-4679-B065-A1EDC4DB5916}"
EndProject
Project("{9A19103F-16F7-4668-BE54-9A1E7A4F7556}") = "KickStart.MongoDB", "src\KickStart.MongoDB\KickStart.MongoDB.csproj", "{9434BBD2-0D28-46F5-AED2-7E46F5874968}"
EndProject
Project("{9A19103F-16F7-4668-BE54-9A1E7A4F7556}") = "KickStart.Ninject", "src\KickStart.Ninject\KickStart.Ninject.csproj", "{5CFE2F59-7C5B-4246-88CE-261C2B7062DE}"
EndProject
Project("{9A19103F-16F7-4668-BE54-9A1E7A4F7556}") = "KickStart.NLog", "src\KickStart.NLog\KickStart.NLog.csproj", "{11461965-C324-40F7-A042-EF28E325C89D}"
EndProject
Project("{9A19103F-16F7-4668-BE54-9A1E7A4F7556}") = "KickStart.SimpleInjector", "src\KickStart.SimpleInjector\KickStart.SimpleInjector.csproj", "{33632126-5845-4CBE-8EAF-D5296F6C324C}"
EndProject
Project("{9A19103F-16F7-4668-BE54-9A1E7A4F7556}") = "KickStart.Unity", "src\KickStart.Unity\KickStart.Unity.csproj", "{3A16834B-0C8F-4A75-97E4-0ADFC4166EC7}"
EndProject
Project("{9A19103F-16F7-4668-BE54-9A1E7A4F7556}") = "KickStart.Tests", "test\KickStart.Tests\KickStart.Tests.csproj", "{E7CEA803-97E4-4C16-85DB-63910BDD3619}"
EndProject
Project("{9A19103F-16F7-4668-BE54-9A1E7A4F7556}") = "Test.Core", "test\Test.Core\Test.Core.csproj", "{8B308441-E566-4341-9420-9C92C0488C05}"
EndProject
Project("{9A19103F-16F7-4668-BE54-9A1E7A4F7556}") = "KickStart.Autofac.Tests", "test\KickStart.Autofac.Tests\KickStart.Autofac.Tests.csproj", "{433619C4-3BD3-4D87-BD77-9CDA3341B2EB}"
EndProject
Project("{9A19103F-16F7-4668-BE54-9A1E7A4F7556}") = "KickStart.AutoMapper.Tests", "test\KickStart.AutoMapper.Tests\KickStart.AutoMapper.Tests.csproj", "{9AE51315-9339-4A0C-932A-60D5C2068883}"
EndProject
Project("{9A19103F-16F7-4668-BE54-9A1E7A4F7556}") = "KickStart.MongoDB.Tests", "test\KickStart.MongoDB.Tests\KickStart.MongoDB.Tests.csproj", "{B426984E-15FC-4C87-BF18-0B7AE6BEC37B}"
EndProject
Project("{9A19103F-16F7-4668-BE54-9A1E7A4F7556}") = "KickStart.Ninject.Tests", "test\KickStart.Ninject.Tests\KickStart.Ninject.Tests.csproj", "{1A2387C8-A5DF-463A-B8B9-E6E2B7F5BAB3}"
EndProject
Project("{9A19103F-16F7-4668-BE54-9A1E7A4F7556}") = "KickStart.SimpleInjector.Tests", "test\KickStart.SimpleInjector.Tests\KickStart.SimpleInjector.Tests.csproj", "{8445566F-E78F-43DF-8685-EB25F9C587AC}"
EndProject
Project("{9A19103F-16F7-4668-BE54-9A1E7A4F7556}") = "KickStart.Unity.Tests", "test\KickStart.Unity.Tests\KickStart.Unity.Tests.csproj", "{C037951A-7AE7-4B69-B745-5A1BD7F1C0E4}"
EndProject
Project("{2150E333-8FDC-42A3-9474-1A3956D46DE8}") = "build", "build", "{C2F076BC-C22F-4383-AC89-3DF0C2F4BCEC}"
	ProjectSection(SolutionItems) = preProject
		appveyor.yml = appveyor.yml
		build\common.props = build\common.props
		build\sourcelink.props = build\sourcelink.props
		build\version.props = build\version.props
	EndProjectSection
EndProject
Project("{9A19103F-16F7-4668-BE54-9A1E7A4F7556}") = "KickStart.Serilog", "src\KickStart.Serilog\KickStart.Serilog.csproj", "{4A649161-DBAC-4134-A030-DFABB47F9616}"
EndProject
Project("{9A19103F-16F7-4668-BE54-9A1E7A4F7556}") = "KickStart.DependencyInjection", "src\KickStart.DependencyInjection\KickStart.DependencyInjection.csproj", "{673E6664-861B-48E4-A7E3-082B80FA88C9}"
EndProject
Project("{9A19103F-16F7-4668-BE54-9A1E7A4F7556}") = "KickStart.DependencyInjection.Tests", "test\KickStart.DependencyInjection.Tests\KickStart.DependencyInjection.Tests.csproj", "{402BE3EC-5CE8-4141-AF9E-8D3F2E1646AA}"
EndProject
Project("{9A19103F-16F7-4668-BE54-9A1E7A4F7556}") = "KickStart.EntityChange", "src\KickStart.EntityChange\KickStart.EntityChange.csproj", "{127A5EA6-BAE7-4757-8842-8C0CF92B0A36}"
EndProject
Project("{9A19103F-16F7-4668-BE54-9A1E7A4F7556}") = "KickStart.EntityChange.Tests", "test\KickStart.EntityChange.Tests\KickStart.EntityChange.Tests.csproj", "{BBE4B689-DCA8-4DF8-B23C-E93200D93F3E}"
EndProject
Project("{2150E333-8FDC-42A3-9474-1A3956D46DE8}") = "Solution Items", "Solution Items", "{AF609455-CFBC-49A1-BC83-2E0C44385D53}"
	ProjectSection(SolutionItems) = preProject
		README.md = README.md
	EndProjectSection
EndProject
Global
	GlobalSection(SolutionConfigurationPlatforms) = preSolution
		Debug|Any CPU = Debug|Any CPU
		Debug|x64 = Debug|x64
		Debug|x86 = Debug|x86
		Release|Any CPU = Release|Any CPU
		Release|x64 = Release|x64
		Release|x86 = Release|x86
	EndGlobalSection
	GlobalSection(ProjectConfigurationPlatforms) = postSolution
		{C0998F28-601D-4202-BEDB-77F3603E17D1}.Debug|Any CPU.ActiveCfg = Debug|Any CPU
		{C0998F28-601D-4202-BEDB-77F3603E17D1}.Debug|Any CPU.Build.0 = Debug|Any CPU
		{C0998F28-601D-4202-BEDB-77F3603E17D1}.Debug|x64.ActiveCfg = Debug|Any CPU
		{C0998F28-601D-4202-BEDB-77F3603E17D1}.Debug|x64.Build.0 = Debug|Any CPU
		{C0998F28-601D-4202-BEDB-77F3603E17D1}.Debug|x86.ActiveCfg = Debug|Any CPU
		{C0998F28-601D-4202-BEDB-77F3603E17D1}.Debug|x86.Build.0 = Debug|Any CPU
		{C0998F28-601D-4202-BEDB-77F3603E17D1}.Release|Any CPU.ActiveCfg = Release|Any CPU
		{C0998F28-601D-4202-BEDB-77F3603E17D1}.Release|Any CPU.Build.0 = Release|Any CPU
		{C0998F28-601D-4202-BEDB-77F3603E17D1}.Release|x64.ActiveCfg = Release|Any CPU
		{C0998F28-601D-4202-BEDB-77F3603E17D1}.Release|x64.Build.0 = Release|Any CPU
		{C0998F28-601D-4202-BEDB-77F3603E17D1}.Release|x86.ActiveCfg = Release|Any CPU
		{C0998F28-601D-4202-BEDB-77F3603E17D1}.Release|x86.Build.0 = Release|Any CPU
		{12CC926D-C84A-45A2-9B11-BF25AEDC3C0B}.Debug|Any CPU.ActiveCfg = Debug|Any CPU
		{12CC926D-C84A-45A2-9B11-BF25AEDC3C0B}.Debug|Any CPU.Build.0 = Debug|Any CPU
		{12CC926D-C84A-45A2-9B11-BF25AEDC3C0B}.Debug|x64.ActiveCfg = Debug|Any CPU
		{12CC926D-C84A-45A2-9B11-BF25AEDC3C0B}.Debug|x64.Build.0 = Debug|Any CPU
		{12CC926D-C84A-45A2-9B11-BF25AEDC3C0B}.Debug|x86.ActiveCfg = Debug|Any CPU
		{12CC926D-C84A-45A2-9B11-BF25AEDC3C0B}.Debug|x86.Build.0 = Debug|Any CPU
		{12CC926D-C84A-45A2-9B11-BF25AEDC3C0B}.Release|Any CPU.ActiveCfg = Release|Any CPU
		{12CC926D-C84A-45A2-9B11-BF25AEDC3C0B}.Release|Any CPU.Build.0 = Release|Any CPU
		{12CC926D-C84A-45A2-9B11-BF25AEDC3C0B}.Release|x64.ActiveCfg = Release|Any CPU
		{12CC926D-C84A-45A2-9B11-BF25AEDC3C0B}.Release|x64.Build.0 = Release|Any CPU
		{12CC926D-C84A-45A2-9B11-BF25AEDC3C0B}.Release|x86.ActiveCfg = Release|Any CPU
		{12CC926D-C84A-45A2-9B11-BF25AEDC3C0B}.Release|x86.Build.0 = Release|Any CPU
		{73A65AA2-757B-40B3-8DBF-EA59E924D141}.Debug|Any CPU.ActiveCfg = Debug|Any CPU
		{73A65AA2-757B-40B3-8DBF-EA59E924D141}.Debug|Any CPU.Build.0 = Debug|Any CPU
		{73A65AA2-757B-40B3-8DBF-EA59E924D141}.Debug|x64.ActiveCfg = Debug|Any CPU
		{73A65AA2-757B-40B3-8DBF-EA59E924D141}.Debug|x64.Build.0 = Debug|Any CPU
		{73A65AA2-757B-40B3-8DBF-EA59E924D141}.Debug|x86.ActiveCfg = Debug|Any CPU
		{73A65AA2-757B-40B3-8DBF-EA59E924D141}.Debug|x86.Build.0 = Debug|Any CPU
		{73A65AA2-757B-40B3-8DBF-EA59E924D141}.Release|Any CPU.ActiveCfg = Release|Any CPU
		{73A65AA2-757B-40B3-8DBF-EA59E924D141}.Release|Any CPU.Build.0 = Release|Any CPU
		{73A65AA2-757B-40B3-8DBF-EA59E924D141}.Release|x64.ActiveCfg = Release|Any CPU
		{73A65AA2-757B-40B3-8DBF-EA59E924D141}.Release|x64.Build.0 = Release|Any CPU
		{73A65AA2-757B-40B3-8DBF-EA59E924D141}.Release|x86.ActiveCfg = Release|Any CPU
		{73A65AA2-757B-40B3-8DBF-EA59E924D141}.Release|x86.Build.0 = Release|Any CPU
		{04963A80-F7E7-4679-B065-A1EDC4DB5916}.Debug|Any CPU.ActiveCfg = Debug|Any CPU
		{04963A80-F7E7-4679-B065-A1EDC4DB5916}.Debug|Any CPU.Build.0 = Debug|Any CPU
		{04963A80-F7E7-4679-B065-A1EDC4DB5916}.Debug|x64.ActiveCfg = Debug|Any CPU
		{04963A80-F7E7-4679-B065-A1EDC4DB5916}.Debug|x64.Build.0 = Debug|Any CPU
		{04963A80-F7E7-4679-B065-A1EDC4DB5916}.Debug|x86.ActiveCfg = Debug|Any CPU
		{04963A80-F7E7-4679-B065-A1EDC4DB5916}.Debug|x86.Build.0 = Debug|Any CPU
		{04963A80-F7E7-4679-B065-A1EDC4DB5916}.Release|Any CPU.ActiveCfg = Release|Any CPU
		{04963A80-F7E7-4679-B065-A1EDC4DB5916}.Release|Any CPU.Build.0 = Release|Any CPU
		{04963A80-F7E7-4679-B065-A1EDC4DB5916}.Release|x64.ActiveCfg = Release|Any CPU
		{04963A80-F7E7-4679-B065-A1EDC4DB5916}.Release|x64.Build.0 = Release|Any CPU
		{04963A80-F7E7-4679-B065-A1EDC4DB5916}.Release|x86.ActiveCfg = Release|Any CPU
		{04963A80-F7E7-4679-B065-A1EDC4DB5916}.Release|x86.Build.0 = Release|Any CPU
		{9434BBD2-0D28-46F5-AED2-7E46F5874968}.Debug|Any CPU.ActiveCfg = Debug|Any CPU
		{9434BBD2-0D28-46F5-AED2-7E46F5874968}.Debug|Any CPU.Build.0 = Debug|Any CPU
		{9434BBD2-0D28-46F5-AED2-7E46F5874968}.Debug|x64.ActiveCfg = Debug|Any CPU
		{9434BBD2-0D28-46F5-AED2-7E46F5874968}.Debug|x64.Build.0 = Debug|Any CPU
		{9434BBD2-0D28-46F5-AED2-7E46F5874968}.Debug|x86.ActiveCfg = Debug|Any CPU
		{9434BBD2-0D28-46F5-AED2-7E46F5874968}.Debug|x86.Build.0 = Debug|Any CPU
		{9434BBD2-0D28-46F5-AED2-7E46F5874968}.Release|Any CPU.ActiveCfg = Release|Any CPU
		{9434BBD2-0D28-46F5-AED2-7E46F5874968}.Release|Any CPU.Build.0 = Release|Any CPU
		{9434BBD2-0D28-46F5-AED2-7E46F5874968}.Release|x64.ActiveCfg = Release|Any CPU
		{9434BBD2-0D28-46F5-AED2-7E46F5874968}.Release|x64.Build.0 = Release|Any CPU
		{9434BBD2-0D28-46F5-AED2-7E46F5874968}.Release|x86.ActiveCfg = Release|Any CPU
		{9434BBD2-0D28-46F5-AED2-7E46F5874968}.Release|x86.Build.0 = Release|Any CPU
		{5CFE2F59-7C5B-4246-88CE-261C2B7062DE}.Debug|Any CPU.ActiveCfg = Debug|Any CPU
		{5CFE2F59-7C5B-4246-88CE-261C2B7062DE}.Debug|Any CPU.Build.0 = Debug|Any CPU
		{5CFE2F59-7C5B-4246-88CE-261C2B7062DE}.Debug|x64.ActiveCfg = Debug|Any CPU
		{5CFE2F59-7C5B-4246-88CE-261C2B7062DE}.Debug|x64.Build.0 = Debug|Any CPU
		{5CFE2F59-7C5B-4246-88CE-261C2B7062DE}.Debug|x86.ActiveCfg = Debug|Any CPU
		{5CFE2F59-7C5B-4246-88CE-261C2B7062DE}.Debug|x86.Build.0 = Debug|Any CPU
		{5CFE2F59-7C5B-4246-88CE-261C2B7062DE}.Release|Any CPU.ActiveCfg = Release|Any CPU
		{5CFE2F59-7C5B-4246-88CE-261C2B7062DE}.Release|Any CPU.Build.0 = Release|Any CPU
		{5CFE2F59-7C5B-4246-88CE-261C2B7062DE}.Release|x64.ActiveCfg = Release|Any CPU
		{5CFE2F59-7C5B-4246-88CE-261C2B7062DE}.Release|x64.Build.0 = Release|Any CPU
		{5CFE2F59-7C5B-4246-88CE-261C2B7062DE}.Release|x86.ActiveCfg = Release|Any CPU
		{5CFE2F59-7C5B-4246-88CE-261C2B7062DE}.Release|x86.Build.0 = Release|Any CPU
		{11461965-C324-40F7-A042-EF28E325C89D}.Debug|Any CPU.ActiveCfg = Debug|Any CPU
		{11461965-C324-40F7-A042-EF28E325C89D}.Debug|Any CPU.Build.0 = Debug|Any CPU
		{11461965-C324-40F7-A042-EF28E325C89D}.Debug|x64.ActiveCfg = Debug|Any CPU
		{11461965-C324-40F7-A042-EF28E325C89D}.Debug|x64.Build.0 = Debug|Any CPU
		{11461965-C324-40F7-A042-EF28E325C89D}.Debug|x86.ActiveCfg = Debug|Any CPU
		{11461965-C324-40F7-A042-EF28E325C89D}.Debug|x86.Build.0 = Debug|Any CPU
		{11461965-C324-40F7-A042-EF28E325C89D}.Release|Any CPU.ActiveCfg = Release|Any CPU
		{11461965-C324-40F7-A042-EF28E325C89D}.Release|Any CPU.Build.0 = Release|Any CPU
		{11461965-C324-40F7-A042-EF28E325C89D}.Release|x64.ActiveCfg = Release|Any CPU
		{11461965-C324-40F7-A042-EF28E325C89D}.Release|x64.Build.0 = Release|Any CPU
		{11461965-C324-40F7-A042-EF28E325C89D}.Release|x86.ActiveCfg = Release|Any CPU
		{11461965-C324-40F7-A042-EF28E325C89D}.Release|x86.Build.0 = Release|Any CPU
		{33632126-5845-4CBE-8EAF-D5296F6C324C}.Debug|Any CPU.ActiveCfg = Debug|Any CPU
		{33632126-5845-4CBE-8EAF-D5296F6C324C}.Debug|Any CPU.Build.0 = Debug|Any CPU
		{33632126-5845-4CBE-8EAF-D5296F6C324C}.Debug|x64.ActiveCfg = Debug|Any CPU
		{33632126-5845-4CBE-8EAF-D5296F6C324C}.Debug|x64.Build.0 = Debug|Any CPU
		{33632126-5845-4CBE-8EAF-D5296F6C324C}.Debug|x86.ActiveCfg = Debug|Any CPU
		{33632126-5845-4CBE-8EAF-D5296F6C324C}.Debug|x86.Build.0 = Debug|Any CPU
		{33632126-5845-4CBE-8EAF-D5296F6C324C}.Release|Any CPU.ActiveCfg = Release|Any CPU
		{33632126-5845-4CBE-8EAF-D5296F6C324C}.Release|Any CPU.Build.0 = Release|Any CPU
		{33632126-5845-4CBE-8EAF-D5296F6C324C}.Release|x64.ActiveCfg = Release|Any CPU
		{33632126-5845-4CBE-8EAF-D5296F6C324C}.Release|x64.Build.0 = Release|Any CPU
		{33632126-5845-4CBE-8EAF-D5296F6C324C}.Release|x86.ActiveCfg = Release|Any CPU
		{33632126-5845-4CBE-8EAF-D5296F6C324C}.Release|x86.Build.0 = Release|Any CPU
		{3A16834B-0C8F-4A75-97E4-0ADFC4166EC7}.Debug|Any CPU.ActiveCfg = Debug|Any CPU
		{3A16834B-0C8F-4A75-97E4-0ADFC4166EC7}.Debug|Any CPU.Build.0 = Debug|Any CPU
		{3A16834B-0C8F-4A75-97E4-0ADFC4166EC7}.Debug|x64.ActiveCfg = Debug|Any CPU
		{3A16834B-0C8F-4A75-97E4-0ADFC4166EC7}.Debug|x64.Build.0 = Debug|Any CPU
		{3A16834B-0C8F-4A75-97E4-0ADFC4166EC7}.Debug|x86.ActiveCfg = Debug|Any CPU
		{3A16834B-0C8F-4A75-97E4-0ADFC4166EC7}.Debug|x86.Build.0 = Debug|Any CPU
		{3A16834B-0C8F-4A75-97E4-0ADFC4166EC7}.Release|Any CPU.ActiveCfg = Release|Any CPU
		{3A16834B-0C8F-4A75-97E4-0ADFC4166EC7}.Release|Any CPU.Build.0 = Release|Any CPU
		{3A16834B-0C8F-4A75-97E4-0ADFC4166EC7}.Release|x64.ActiveCfg = Release|Any CPU
		{3A16834B-0C8F-4A75-97E4-0ADFC4166EC7}.Release|x64.Build.0 = Release|Any CPU
		{3A16834B-0C8F-4A75-97E4-0ADFC4166EC7}.Release|x86.ActiveCfg = Release|Any CPU
		{3A16834B-0C8F-4A75-97E4-0ADFC4166EC7}.Release|x86.Build.0 = Release|Any CPU
		{E7CEA803-97E4-4C16-85DB-63910BDD3619}.Debug|Any CPU.ActiveCfg = Debug|Any CPU
		{E7CEA803-97E4-4C16-85DB-63910BDD3619}.Debug|Any CPU.Build.0 = Debug|Any CPU
		{E7CEA803-97E4-4C16-85DB-63910BDD3619}.Debug|x64.ActiveCfg = Debug|Any CPU
		{E7CEA803-97E4-4C16-85DB-63910BDD3619}.Debug|x64.Build.0 = Debug|Any CPU
		{E7CEA803-97E4-4C16-85DB-63910BDD3619}.Debug|x86.ActiveCfg = Debug|Any CPU
		{E7CEA803-97E4-4C16-85DB-63910BDD3619}.Debug|x86.Build.0 = Debug|Any CPU
		{E7CEA803-97E4-4C16-85DB-63910BDD3619}.Release|Any CPU.ActiveCfg = Release|Any CPU
		{E7CEA803-97E4-4C16-85DB-63910BDD3619}.Release|Any CPU.Build.0 = Release|Any CPU
		{E7CEA803-97E4-4C16-85DB-63910BDD3619}.Release|x64.ActiveCfg = Release|Any CPU
		{E7CEA803-97E4-4C16-85DB-63910BDD3619}.Release|x64.Build.0 = Release|Any CPU
		{E7CEA803-97E4-4C16-85DB-63910BDD3619}.Release|x86.ActiveCfg = Release|Any CPU
		{E7CEA803-97E4-4C16-85DB-63910BDD3619}.Release|x86.Build.0 = Release|Any CPU
		{8B308441-E566-4341-9420-9C92C0488C05}.Debug|Any CPU.ActiveCfg = Debug|Any CPU
		{8B308441-E566-4341-9420-9C92C0488C05}.Debug|Any CPU.Build.0 = Debug|Any CPU
		{8B308441-E566-4341-9420-9C92C0488C05}.Debug|x64.ActiveCfg = Debug|Any CPU
		{8B308441-E566-4341-9420-9C92C0488C05}.Debug|x64.Build.0 = Debug|Any CPU
		{8B308441-E566-4341-9420-9C92C0488C05}.Debug|x86.ActiveCfg = Debug|Any CPU
		{8B308441-E566-4341-9420-9C92C0488C05}.Debug|x86.Build.0 = Debug|Any CPU
		{8B308441-E566-4341-9420-9C92C0488C05}.Release|Any CPU.ActiveCfg = Release|Any CPU
		{8B308441-E566-4341-9420-9C92C0488C05}.Release|Any CPU.Build.0 = Release|Any CPU
		{8B308441-E566-4341-9420-9C92C0488C05}.Release|x64.ActiveCfg = Release|Any CPU
		{8B308441-E566-4341-9420-9C92C0488C05}.Release|x64.Build.0 = Release|Any CPU
		{8B308441-E566-4341-9420-9C92C0488C05}.Release|x86.ActiveCfg = Release|Any CPU
		{8B308441-E566-4341-9420-9C92C0488C05}.Release|x86.Build.0 = Release|Any CPU
		{433619C4-3BD3-4D87-BD77-9CDA3341B2EB}.Debug|Any CPU.ActiveCfg = Debug|Any CPU
		{433619C4-3BD3-4D87-BD77-9CDA3341B2EB}.Debug|Any CPU.Build.0 = Debug|Any CPU
		{433619C4-3BD3-4D87-BD77-9CDA3341B2EB}.Debug|x64.ActiveCfg = Debug|Any CPU
		{433619C4-3BD3-4D87-BD77-9CDA3341B2EB}.Debug|x64.Build.0 = Debug|Any CPU
		{433619C4-3BD3-4D87-BD77-9CDA3341B2EB}.Debug|x86.ActiveCfg = Debug|Any CPU
		{433619C4-3BD3-4D87-BD77-9CDA3341B2EB}.Debug|x86.Build.0 = Debug|Any CPU
		{433619C4-3BD3-4D87-BD77-9CDA3341B2EB}.Release|Any CPU.ActiveCfg = Release|Any CPU
		{433619C4-3BD3-4D87-BD77-9CDA3341B2EB}.Release|Any CPU.Build.0 = Release|Any CPU
		{433619C4-3BD3-4D87-BD77-9CDA3341B2EB}.Release|x64.ActiveCfg = Release|Any CPU
		{433619C4-3BD3-4D87-BD77-9CDA3341B2EB}.Release|x64.Build.0 = Release|Any CPU
		{433619C4-3BD3-4D87-BD77-9CDA3341B2EB}.Release|x86.ActiveCfg = Release|Any CPU
		{433619C4-3BD3-4D87-BD77-9CDA3341B2EB}.Release|x86.Build.0 = Release|Any CPU
		{9AE51315-9339-4A0C-932A-60D5C2068883}.Debug|Any CPU.ActiveCfg = Debug|Any CPU
		{9AE51315-9339-4A0C-932A-60D5C2068883}.Debug|Any CPU.Build.0 = Debug|Any CPU
		{9AE51315-9339-4A0C-932A-60D5C2068883}.Debug|x64.ActiveCfg = Debug|Any CPU
		{9AE51315-9339-4A0C-932A-60D5C2068883}.Debug|x64.Build.0 = Debug|Any CPU
		{9AE51315-9339-4A0C-932A-60D5C2068883}.Debug|x86.ActiveCfg = Debug|Any CPU
		{9AE51315-9339-4A0C-932A-60D5C2068883}.Debug|x86.Build.0 = Debug|Any CPU
		{9AE51315-9339-4A0C-932A-60D5C2068883}.Release|Any CPU.ActiveCfg = Release|Any CPU
		{9AE51315-9339-4A0C-932A-60D5C2068883}.Release|Any CPU.Build.0 = Release|Any CPU
		{9AE51315-9339-4A0C-932A-60D5C2068883}.Release|x64.ActiveCfg = Release|Any CPU
		{9AE51315-9339-4A0C-932A-60D5C2068883}.Release|x64.Build.0 = Release|Any CPU
		{9AE51315-9339-4A0C-932A-60D5C2068883}.Release|x86.ActiveCfg = Release|Any CPU
		{9AE51315-9339-4A0C-932A-60D5C2068883}.Release|x86.Build.0 = Release|Any CPU
		{B426984E-15FC-4C87-BF18-0B7AE6BEC37B}.Debug|Any CPU.ActiveCfg = Debug|Any CPU
		{B426984E-15FC-4C87-BF18-0B7AE6BEC37B}.Debug|Any CPU.Build.0 = Debug|Any CPU
		{B426984E-15FC-4C87-BF18-0B7AE6BEC37B}.Debug|x64.ActiveCfg = Debug|Any CPU
		{B426984E-15FC-4C87-BF18-0B7AE6BEC37B}.Debug|x64.Build.0 = Debug|Any CPU
		{B426984E-15FC-4C87-BF18-0B7AE6BEC37B}.Debug|x86.ActiveCfg = Debug|Any CPU
		{B426984E-15FC-4C87-BF18-0B7AE6BEC37B}.Debug|x86.Build.0 = Debug|Any CPU
		{B426984E-15FC-4C87-BF18-0B7AE6BEC37B}.Release|Any CPU.ActiveCfg = Release|Any CPU
		{B426984E-15FC-4C87-BF18-0B7AE6BEC37B}.Release|Any CPU.Build.0 = Release|Any CPU
		{B426984E-15FC-4C87-BF18-0B7AE6BEC37B}.Release|x64.ActiveCfg = Release|Any CPU
		{B426984E-15FC-4C87-BF18-0B7AE6BEC37B}.Release|x64.Build.0 = Release|Any CPU
		{B426984E-15FC-4C87-BF18-0B7AE6BEC37B}.Release|x86.ActiveCfg = Release|Any CPU
		{B426984E-15FC-4C87-BF18-0B7AE6BEC37B}.Release|x86.Build.0 = Release|Any CPU
		{1A2387C8-A5DF-463A-B8B9-E6E2B7F5BAB3}.Debug|Any CPU.ActiveCfg = Debug|Any CPU
		{1A2387C8-A5DF-463A-B8B9-E6E2B7F5BAB3}.Debug|Any CPU.Build.0 = Debug|Any CPU
		{1A2387C8-A5DF-463A-B8B9-E6E2B7F5BAB3}.Debug|x64.ActiveCfg = Debug|Any CPU
		{1A2387C8-A5DF-463A-B8B9-E6E2B7F5BAB3}.Debug|x64.Build.0 = Debug|Any CPU
		{1A2387C8-A5DF-463A-B8B9-E6E2B7F5BAB3}.Debug|x86.ActiveCfg = Debug|Any CPU
		{1A2387C8-A5DF-463A-B8B9-E6E2B7F5BAB3}.Debug|x86.Build.0 = Debug|Any CPU
		{1A2387C8-A5DF-463A-B8B9-E6E2B7F5BAB3}.Release|Any CPU.ActiveCfg = Release|Any CPU
		{1A2387C8-A5DF-463A-B8B9-E6E2B7F5BAB3}.Release|Any CPU.Build.0 = Release|Any CPU
		{1A2387C8-A5DF-463A-B8B9-E6E2B7F5BAB3}.Release|x64.ActiveCfg = Release|Any CPU
		{1A2387C8-A5DF-463A-B8B9-E6E2B7F5BAB3}.Release|x64.Build.0 = Release|Any CPU
		{1A2387C8-A5DF-463A-B8B9-E6E2B7F5BAB3}.Release|x86.ActiveCfg = Release|Any CPU
		{1A2387C8-A5DF-463A-B8B9-E6E2B7F5BAB3}.Release|x86.Build.0 = Release|Any CPU
		{8445566F-E78F-43DF-8685-EB25F9C587AC}.Debug|Any CPU.ActiveCfg = Debug|Any CPU
		{8445566F-E78F-43DF-8685-EB25F9C587AC}.Debug|Any CPU.Build.0 = Debug|Any CPU
		{8445566F-E78F-43DF-8685-EB25F9C587AC}.Debug|x64.ActiveCfg = Debug|Any CPU
		{8445566F-E78F-43DF-8685-EB25F9C587AC}.Debug|x64.Build.0 = Debug|Any CPU
		{8445566F-E78F-43DF-8685-EB25F9C587AC}.Debug|x86.ActiveCfg = Debug|Any CPU
		{8445566F-E78F-43DF-8685-EB25F9C587AC}.Debug|x86.Build.0 = Debug|Any CPU
		{8445566F-E78F-43DF-8685-EB25F9C587AC}.Release|Any CPU.ActiveCfg = Release|Any CPU
		{8445566F-E78F-43DF-8685-EB25F9C587AC}.Release|Any CPU.Build.0 = Release|Any CPU
		{8445566F-E78F-43DF-8685-EB25F9C587AC}.Release|x64.ActiveCfg = Release|Any CPU
		{8445566F-E78F-43DF-8685-EB25F9C587AC}.Release|x64.Build.0 = Release|Any CPU
		{8445566F-E78F-43DF-8685-EB25F9C587AC}.Release|x86.ActiveCfg = Release|Any CPU
		{8445566F-E78F-43DF-8685-EB25F9C587AC}.Release|x86.Build.0 = Release|Any CPU
		{C037951A-7AE7-4B69-B745-5A1BD7F1C0E4}.Debug|Any CPU.ActiveCfg = Debug|Any CPU
		{C037951A-7AE7-4B69-B745-5A1BD7F1C0E4}.Debug|Any CPU.Build.0 = Debug|Any CPU
		{C037951A-7AE7-4B69-B745-5A1BD7F1C0E4}.Debug|x64.ActiveCfg = Debug|Any CPU
		{C037951A-7AE7-4B69-B745-5A1BD7F1C0E4}.Debug|x64.Build.0 = Debug|Any CPU
		{C037951A-7AE7-4B69-B745-5A1BD7F1C0E4}.Debug|x86.ActiveCfg = Debug|Any CPU
		{C037951A-7AE7-4B69-B745-5A1BD7F1C0E4}.Debug|x86.Build.0 = Debug|Any CPU
		{C037951A-7AE7-4B69-B745-5A1BD7F1C0E4}.Release|Any CPU.ActiveCfg = Release|Any CPU
		{C037951A-7AE7-4B69-B745-5A1BD7F1C0E4}.Release|Any CPU.Build.0 = Release|Any CPU
		{C037951A-7AE7-4B69-B745-5A1BD7F1C0E4}.Release|x64.ActiveCfg = Release|Any CPU
		{C037951A-7AE7-4B69-B745-5A1BD7F1C0E4}.Release|x64.Build.0 = Release|Any CPU
		{C037951A-7AE7-4B69-B745-5A1BD7F1C0E4}.Release|x86.ActiveCfg = Release|Any CPU
		{C037951A-7AE7-4B69-B745-5A1BD7F1C0E4}.Release|x86.Build.0 = Release|Any CPU
		{4A649161-DBAC-4134-A030-DFABB47F9616}.Debug|Any CPU.ActiveCfg = Debug|Any CPU
		{4A649161-DBAC-4134-A030-DFABB47F9616}.Debug|Any CPU.Build.0 = Debug|Any CPU
		{4A649161-DBAC-4134-A030-DFABB47F9616}.Debug|x64.ActiveCfg = Debug|Any CPU
		{4A649161-DBAC-4134-A030-DFABB47F9616}.Debug|x64.Build.0 = Debug|Any CPU
		{4A649161-DBAC-4134-A030-DFABB47F9616}.Debug|x86.ActiveCfg = Debug|Any CPU
		{4A649161-DBAC-4134-A030-DFABB47F9616}.Debug|x86.Build.0 = Debug|Any CPU
		{4A649161-DBAC-4134-A030-DFABB47F9616}.Release|Any CPU.ActiveCfg = Release|Any CPU
		{4A649161-DBAC-4134-A030-DFABB47F9616}.Release|Any CPU.Build.0 = Release|Any CPU
		{4A649161-DBAC-4134-A030-DFABB47F9616}.Release|x64.ActiveCfg = Release|Any CPU
		{4A649161-DBAC-4134-A030-DFABB47F9616}.Release|x64.Build.0 = Release|Any CPU
		{4A649161-DBAC-4134-A030-DFABB47F9616}.Release|x86.ActiveCfg = Release|Any CPU
		{4A649161-DBAC-4134-A030-DFABB47F9616}.Release|x86.Build.0 = Release|Any CPU
		{673E6664-861B-48E4-A7E3-082B80FA88C9}.Debug|Any CPU.ActiveCfg = Debug|Any CPU
		{673E6664-861B-48E4-A7E3-082B80FA88C9}.Debug|Any CPU.Build.0 = Debug|Any CPU
		{673E6664-861B-48E4-A7E3-082B80FA88C9}.Debug|x64.ActiveCfg = Debug|Any CPU
		{673E6664-861B-48E4-A7E3-082B80FA88C9}.Debug|x64.Build.0 = Debug|Any CPU
		{673E6664-861B-48E4-A7E3-082B80FA88C9}.Debug|x86.ActiveCfg = Debug|Any CPU
		{673E6664-861B-48E4-A7E3-082B80FA88C9}.Debug|x86.Build.0 = Debug|Any CPU
		{673E6664-861B-48E4-A7E3-082B80FA88C9}.Release|Any CPU.ActiveCfg = Release|Any CPU
		{673E6664-861B-48E4-A7E3-082B80FA88C9}.Release|Any CPU.Build.0 = Release|Any CPU
		{673E6664-861B-48E4-A7E3-082B80FA88C9}.Release|x64.ActiveCfg = Release|Any CPU
		{673E6664-861B-48E4-A7E3-082B80FA88C9}.Release|x64.Build.0 = Release|Any CPU
		{673E6664-861B-48E4-A7E3-082B80FA88C9}.Release|x86.ActiveCfg = Release|Any CPU
		{673E6664-861B-48E4-A7E3-082B80FA88C9}.Release|x86.Build.0 = Release|Any CPU
		{402BE3EC-5CE8-4141-AF9E-8D3F2E1646AA}.Debug|Any CPU.ActiveCfg = Debug|Any CPU
		{402BE3EC-5CE8-4141-AF9E-8D3F2E1646AA}.Debug|Any CPU.Build.0 = Debug|Any CPU
		{402BE3EC-5CE8-4141-AF9E-8D3F2E1646AA}.Debug|x64.ActiveCfg = Debug|Any CPU
		{402BE3EC-5CE8-4141-AF9E-8D3F2E1646AA}.Debug|x64.Build.0 = Debug|Any CPU
		{402BE3EC-5CE8-4141-AF9E-8D3F2E1646AA}.Debug|x86.ActiveCfg = Debug|Any CPU
		{402BE3EC-5CE8-4141-AF9E-8D3F2E1646AA}.Debug|x86.Build.0 = Debug|Any CPU
		{402BE3EC-5CE8-4141-AF9E-8D3F2E1646AA}.Release|Any CPU.ActiveCfg = Release|Any CPU
		{402BE3EC-5CE8-4141-AF9E-8D3F2E1646AA}.Release|Any CPU.Build.0 = Release|Any CPU
		{402BE3EC-5CE8-4141-AF9E-8D3F2E1646AA}.Release|x64.ActiveCfg = Release|Any CPU
		{402BE3EC-5CE8-4141-AF9E-8D3F2E1646AA}.Release|x64.Build.0 = Release|Any CPU
		{402BE3EC-5CE8-4141-AF9E-8D3F2E1646AA}.Release|x86.ActiveCfg = Release|Any CPU
		{402BE3EC-5CE8-4141-AF9E-8D3F2E1646AA}.Release|x86.Build.0 = Release|Any CPU
		{127A5EA6-BAE7-4757-8842-8C0CF92B0A36}.Debug|Any CPU.ActiveCfg = Debug|Any CPU
		{127A5EA6-BAE7-4757-8842-8C0CF92B0A36}.Debug|Any CPU.Build.0 = Debug|Any CPU
		{127A5EA6-BAE7-4757-8842-8C0CF92B0A36}.Debug|x64.ActiveCfg = Debug|Any CPU
		{127A5EA6-BAE7-4757-8842-8C0CF92B0A36}.Debug|x64.Build.0 = Debug|Any CPU
		{127A5EA6-BAE7-4757-8842-8C0CF92B0A36}.Debug|x86.ActiveCfg = Debug|Any CPU
		{127A5EA6-BAE7-4757-8842-8C0CF92B0A36}.Debug|x86.Build.0 = Debug|Any CPU
		{127A5EA6-BAE7-4757-8842-8C0CF92B0A36}.Release|Any CPU.ActiveCfg = Release|Any CPU
		{127A5EA6-BAE7-4757-8842-8C0CF92B0A36}.Release|Any CPU.Build.0 = Release|Any CPU
		{127A5EA6-BAE7-4757-8842-8C0CF92B0A36}.Release|x64.ActiveCfg = Release|Any CPU
		{127A5EA6-BAE7-4757-8842-8C0CF92B0A36}.Release|x64.Build.0 = Release|Any CPU
		{127A5EA6-BAE7-4757-8842-8C0CF92B0A36}.Release|x86.ActiveCfg = Release|Any CPU
		{127A5EA6-BAE7-4757-8842-8C0CF92B0A36}.Release|x86.Build.0 = Release|Any CPU
		{BBE4B689-DCA8-4DF8-B23C-E93200D93F3E}.Debug|Any CPU.ActiveCfg = Debug|Any CPU
		{BBE4B689-DCA8-4DF8-B23C-E93200D93F3E}.Debug|Any CPU.Build.0 = Debug|Any CPU
		{BBE4B689-DCA8-4DF8-B23C-E93200D93F3E}.Debug|x64.ActiveCfg = Debug|Any CPU
		{BBE4B689-DCA8-4DF8-B23C-E93200D93F3E}.Debug|x64.Build.0 = Debug|Any CPU
		{BBE4B689-DCA8-4DF8-B23C-E93200D93F3E}.Debug|x86.ActiveCfg = Debug|Any CPU
		{BBE4B689-DCA8-4DF8-B23C-E93200D93F3E}.Debug|x86.Build.0 = Debug|Any CPU
		{BBE4B689-DCA8-4DF8-B23C-E93200D93F3E}.Release|Any CPU.ActiveCfg = Release|Any CPU
		{BBE4B689-DCA8-4DF8-B23C-E93200D93F3E}.Release|Any CPU.Build.0 = Release|Any CPU
		{BBE4B689-DCA8-4DF8-B23C-E93200D93F3E}.Release|x64.ActiveCfg = Release|Any CPU
		{BBE4B689-DCA8-4DF8-B23C-E93200D93F3E}.Release|x64.Build.0 = Release|Any CPU
		{BBE4B689-DCA8-4DF8-B23C-E93200D93F3E}.Release|x86.ActiveCfg = Release|Any CPU
		{BBE4B689-DCA8-4DF8-B23C-E93200D93F3E}.Release|x86.Build.0 = Release|Any CPU
	EndGlobalSection
	GlobalSection(SolutionProperties) = preSolution
		HideSolutionNode = FALSE
	EndGlobalSection
	GlobalSection(NestedProjects) = preSolution
		{E7CEA803-97E4-4C16-85DB-63910BDD3619} = {C9AED8A0-A911-4617-974D-82B16D34029B}
		{8B308441-E566-4341-9420-9C92C0488C05} = {C9AED8A0-A911-4617-974D-82B16D34029B}
		{433619C4-3BD3-4D87-BD77-9CDA3341B2EB} = {C9AED8A0-A911-4617-974D-82B16D34029B}
		{9AE51315-9339-4A0C-932A-60D5C2068883} = {C9AED8A0-A911-4617-974D-82B16D34029B}
		{B426984E-15FC-4C87-BF18-0B7AE6BEC37B} = {C9AED8A0-A911-4617-974D-82B16D34029B}
		{1A2387C8-A5DF-463A-B8B9-E6E2B7F5BAB3} = {C9AED8A0-A911-4617-974D-82B16D34029B}
		{8445566F-E78F-43DF-8685-EB25F9C587AC} = {C9AED8A0-A911-4617-974D-82B16D34029B}
		{C037951A-7AE7-4B69-B745-5A1BD7F1C0E4} = {C9AED8A0-A911-4617-974D-82B16D34029B}
		{402BE3EC-5CE8-4141-AF9E-8D3F2E1646AA} = {C9AED8A0-A911-4617-974D-82B16D34029B}
		{BBE4B689-DCA8-4DF8-B23C-E93200D93F3E} = {C9AED8A0-A911-4617-974D-82B16D34029B}
	EndGlobalSection
	GlobalSection(ExtensibilityGlobals) = postSolution
		SolutionGuid = {7CE71CE2-B188-4D53-ABAA-329ADCCDD143}
	EndGlobalSection
EndGlobal
